
Microsoft Visual Studio Solution File, Format Version 12.00
# Visual Studio 15
VisualStudioVersion = 15.0.28307.106
MinimumVisualStudioVersion = 10.0.40219.1
Project("{FAE04EC0-301F-11D3-BF4B-00C04F79EFBC}") = "WpfReferencia", "WpfReferencia\WpfReferencia.csproj", "{B4471898-0B9E-4594-8549-F28E6DF43762}"
EndProject
Global
	GlobalSection(SolutionConfigurationPlatforms) = preSolution
		Debug|Any CPU = Debug|Any CPU
		Release|Any CPU = Release|Any CPU
	EndGlobalSection
	GlobalSection(ProjectConfigurationPlatforms) = postSolution
		{B4471898-0B9E-4594-8549-F28E6DF43762}.Debug|Any CPU.ActiveCfg = Debug|Any CPU
		{B4471898-0B9E-4594-8549-F28E6DF43762}.Debug|Any CPU.Build.0 = Debug|Any CPU
		{B4471898-0B9E-4594-8549-F28E6DF43762}.Release|Any CPU.ActiveCfg = Release|Any CPU
		{B4471898-0B9E-4594-8549-F28E6DF43762}.Release|Any CPU.Build.0 = Release|Any CPU
	EndGlobalSection
	GlobalSection(SolutionProperties) = preSolution
		HideSolutionNode = FALSE
	EndGlobalSection
	GlobalSection(ExtensibilityGlobals) = postSolution
		SolutionGuid = {BC4B6BC1-8E14-403C-A226-B68A1DB4D834}
	EndGlobalSection
EndGlobal
